
Microsoft Visual Studio Solution File, Format Version 12.00
# Visual Studio Version 17
VisualStudioVersion = 17.3.32819.101
MinimumVisualStudioVersion = 10.0.40219.1
Project("{FAE04EC0-301F-11D3-BF4B-00C04F79EFBC}") = "DSPLinker", "DSPLinker.csproj", "{850DCA24-CC40-43C8-AFA1-3B06832D18FF}"
EndProject
Global
	GlobalSection(SolutionConfigurationPlatforms) = preSolution
		Debug|Any CPU = Debug|Any CPU
		Release|Any CPU = Release|Any CPU
	EndGlobalSection
	GlobalSection(ProjectConfigurationPlatforms) = postSolution
		{850DCA24-CC40-43C8-AFA1-3B06832D18FF}.Debug|Any CPU.ActiveCfg = Debug|Any CPU
		{850DCA24-CC40-43C8-AFA1-3B06832D18FF}.Debug|Any CPU.Build.0 = Debug|Any CPU
		{850DCA24-CC40-43C8-AFA1-3B06832D18FF}.Release|Any CPU.ActiveCfg = Release|Any CPU
		{850DCA24-CC40-43C8-AFA1-3B06832D18FF}.Release|Any CPU.Build.0 = Release|Any CPU
	EndGlobalSection
	GlobalSection(SolutionProperties) = preSolution
		HideSolutionNode = FALSE
	EndGlobalSection
	GlobalSection(ExtensibilityGlobals) = postSolution
		SolutionGuid = {9A23368D-65A1-40D4-8953-C49CF8AB2918}
	EndGlobalSection
EndGlobal
